
Microsoft Visual Studio Solution File, Format Version 12.00
# Visual Studio 2012
Project("{FAE04EC0-301F-11D3-BF4B-00C04F79EFBC}") = "Daml.Ledger.Api", "src\Daml.Ledger.Api\Daml.Ledger.Api.csproj", "{F33AA8C5-B9B8-4FBE-A38C-AE204A130BF1}"
EndProject
Project("{FAE04EC0-301F-11D3-BF4B-00C04F79EFBC}") = "Daml.Ledger.Fragment", "src\Daml.Ledger.Fragment\Daml.Ledger.Fragment.csproj", "{68C093F1-5FA2-4DA9-8A84-50782FAAF022}"
EndProject
Project("{FAE04EC0-301F-11D3-BF4B-00C04F79EFBC}") = "Daml.Ledger.Client", "src\Daml.Ledger.Client\Daml.Ledger.Client.csproj", "{658CEB77-4F21-40B9-9963-896C41E64B67}"
	ProjectSection(ProjectDependencies) = postProject
		{F33AA8C5-B9B8-4FBE-A38C-AE204A130BF1} = {F33AA8C5-B9B8-4FBE-A38C-AE204A130BF1}
	EndProjectSection
EndProject
Project("{FAE04EC0-301F-11D3-BF4B-00C04F79EFBC}") = "Daml.Ledger.Automation", "src\Daml.Ledger.Automation\Daml.Ledger.Automation.csproj", "{50C8736B-B297-49C1-8F15-ADBEC7C960C3}"
	ProjectSection(ProjectDependencies) = postProject
		{F33AA8C5-B9B8-4FBE-A38C-AE204A130BF1} = {F33AA8C5-B9B8-4FBE-A38C-AE204A130BF1}
		{658CEB77-4F21-40B9-9963-896C41E64B67} = {658CEB77-4F21-40B9-9963-896C41E64B67}
	EndProjectSection
EndProject
Project("{FAE04EC0-301F-11D3-BF4B-00C04F79EFBC}") = "Daml.Ledger.Client.Reactive", "src\Daml.Ledger.Client.Reactive\Daml.Ledger.Client.Reactive.csproj", "{C28365C5-6F64-4468-8FFC-93121553C2EA}"
	ProjectSection(ProjectDependencies) = postProject
		{658CEB77-4F21-40B9-9963-896C41E64B67} = {658CEB77-4F21-40B9-9963-896C41E64B67}
	EndProjectSection
EndProject
Project("{2150E333-8FDC-42A3-9474-1A3956D46DE8}") = "Build", "Build", "{57137540-8FE7-47F5-B17C-ADB5FC1EB1DF}"
	ProjectSection(SolutionItems) = preProject
		generate-bindings = generate-bindings
		README.md = README.md
	EndProjectSection
EndProject
Project("{FAE04EC0-301F-11D3-BF4B-00C04F79EFBC}") = "Daml.Ledger.QuickStart", "src\Daml.Ledger.QuickStart\Daml.Ledger.QuickStart.csproj", "{5906A42A-1688-4277-B03C-A54605C1D9D9}"
	ProjectSection(ProjectDependencies) = postProject
		{658CEB77-4F21-40B9-9963-896C41E64B67} = {658CEB77-4F21-40B9-9963-896C41E64B67}
	EndProjectSection
EndProject
Global
	GlobalSection(SolutionConfigurationPlatforms) = preSolution
		Debug|x86 = Debug|x86
		Release|x86 = Release|x86
	EndGlobalSection
	GlobalSection(ProjectConfigurationPlatforms) = postSolution
		{F33AA8C5-B9B8-4FBE-A38C-AE204A130BF1}.Debug|x86.ActiveCfg = Debug|Any CPU
		{F33AA8C5-B9B8-4FBE-A38C-AE204A130BF1}.Debug|x86.Build.0 = Debug|Any CPU
		{F33AA8C5-B9B8-4FBE-A38C-AE204A130BF1}.Release|x86.ActiveCfg = Release|Any CPU
		{F33AA8C5-B9B8-4FBE-A38C-AE204A130BF1}.Release|x86.Build.0 = Release|Any CPU
		{68C093F1-5FA2-4DA9-8A84-50782FAAF022}.Debug|x86.ActiveCfg = Debug|Any CPU
		{68C093F1-5FA2-4DA9-8A84-50782FAAF022}.Debug|x86.Build.0 = Debug|Any CPU
		{68C093F1-5FA2-4DA9-8A84-50782FAAF022}.Release|x86.ActiveCfg = Release|Any CPU
		{68C093F1-5FA2-4DA9-8A84-50782FAAF022}.Release|x86.Build.0 = Release|Any CPU
		{658CEB77-4F21-40B9-9963-896C41E64B67}.Debug|x86.ActiveCfg = Debug|Any CPU
		{658CEB77-4F21-40B9-9963-896C41E64B67}.Debug|x86.Build.0 = Debug|Any CPU
		{658CEB77-4F21-40B9-9963-896C41E64B67}.Release|x86.ActiveCfg = Release|Any CPU
		{658CEB77-4F21-40B9-9963-896C41E64B67}.Release|x86.Build.0 = Release|Any CPU
		{50C8736B-B297-49C1-8F15-ADBEC7C960C3}.Debug|x86.ActiveCfg = Debug|Any CPU
		{50C8736B-B297-49C1-8F15-ADBEC7C960C3}.Debug|x86.Build.0 = Debug|Any CPU
		{50C8736B-B297-49C1-8F15-ADBEC7C960C3}.Release|x86.ActiveCfg = Release|Any CPU
		{50C8736B-B297-49C1-8F15-ADBEC7C960C3}.Release|x86.Build.0 = Release|Any CPU
		{C28365C5-6F64-4468-8FFC-93121553C2EA}.Debug|x86.ActiveCfg = Debug|Any CPU
		{C28365C5-6F64-4468-8FFC-93121553C2EA}.Debug|x86.Build.0 = Debug|Any CPU
		{C28365C5-6F64-4468-8FFC-93121553C2EA}.Release|x86.ActiveCfg = Release|Any CPU
		{C28365C5-6F64-4468-8FFC-93121553C2EA}.Release|x86.Build.0 = Release|Any CPU
		{5906A42A-1688-4277-B03C-A54605C1D9D9}.Debug|x86.ActiveCfg = Debug|Any CPU
		{5906A42A-1688-4277-B03C-A54605C1D9D9}.Debug|x86.Build.0 = Debug|Any CPU
		{5906A42A-1688-4277-B03C-A54605C1D9D9}.Release|x86.ActiveCfg = Release|Any CPU
		{5906A42A-1688-4277-B03C-A54605C1D9D9}.Release|x86.Build.0 = Release|Any CPU
	EndGlobalSection
EndGlobal
