Microsoft Visual Studio Solution File, Format Version 12.00
# Visual Studio Version 16
VisualStudioVersion = 16.0.29324.140
MinimumVisualStudioVersion = 10.0.40219.1
Project("{9A19103F-16F7-4668-BE54-9A1E7A4F7556}") = "Daml.Ledger.Api", "src\Daml.Ledger.Api\Daml.Ledger.Api.csproj", "{F33AA8C5-B9B8-4FBE-A38C-AE204A130BF1}"
EndProject
Project("{9A19103F-16F7-4668-BE54-9A1E7A4F7556}") = "Daml.Ledger.Fragment", "src\Daml.Ledger.Fragment\Daml.Ledger.Fragment.csproj", "{68C093F1-5FA2-4DA9-8A84-50782FAAF022}"
EndProject
Project("{9A19103F-16F7-4668-BE54-9A1E7A4F7556}") = "Daml.Ledger.Client", "src\Daml.Ledger.Client\Daml.Ledger.Client.csproj", "{658CEB77-4F21-40B9-9963-896C41E64B67}"
	ProjectSection(ProjectDependencies) = postProject
		{F33AA8C5-B9B8-4FBE-A38C-AE204A130BF1} = {F33AA8C5-B9B8-4FBE-A38C-AE204A130BF1}
	EndProjectSection
EndProject
Project("{9A19103F-16F7-4668-BE54-9A1E7A4F7556}") = "Daml.Ledger.Automation", "src\Daml.Ledger.Automation\Daml.Ledger.Automation.csproj", "{50C8736B-B297-49C1-8F15-ADBEC7C960C3}"
	ProjectSection(ProjectDependencies) = postProject
		{658CEB77-4F21-40B9-9963-896C41E64B67} = {658CEB77-4F21-40B9-9963-896C41E64B67}
	EndProjectSection
EndProject
Project("{9A19103F-16F7-4668-BE54-9A1E7A4F7556}") = "Daml.Ledger.Client.Reactive", "src\Daml.Ledger.Client.Reactive\Daml.Ledger.Client.Reactive.csproj", "{C28365C5-6F64-4468-8FFC-93121553C2EA}"
	ProjectSection(ProjectDependencies) = postProject
		{658CEB77-4F21-40B9-9963-896C41E64B67} = {658CEB77-4F21-40B9-9963-896C41E64B67}
	EndProjectSection
EndProject
Project("{2150E333-8FDC-42A3-9474-1A3956D46DE8}") = "Build", "Build", "{57137540-8FE7-47F5-B17C-ADB5FC1EB1DF}"
	ProjectSection(SolutionItems) = preProject
		generate-bindings.ps1 = generate-bindings.ps1
		README.md = README.md
	EndProjectSection
EndProject
Project("{9A19103F-16F7-4668-BE54-9A1E7A4F7556}") = "Daml.Ledger.Examples.Test", "src\Daml.Ledger.Examples.Test\Daml.Ledger.Examples.Test.csproj", "{5906A42A-1688-4277-B03C-A54605C1D9D9}"
	ProjectSection(ProjectDependencies) = postProject
		{658CEB77-4F21-40B9-9963-896C41E64B67} = {658CEB77-4F21-40B9-9963-896C41E64B67}
	EndProjectSection
EndProject
Project("{9A19103F-16F7-4668-BE54-9A1E7A4F7556}") = "Daml.Ledger.Examples.Bindings", "src\Daml.Ledger.Examples.Bindings\Daml.Ledger.Examples.Bindings.csproj", "{8D7F5468-46FB-4D71-924F-7F0B7108FF58}"
	ProjectSection(ProjectDependencies) = postProject
		{658CEB77-4F21-40B9-9963-896C41E64B67} = {658CEB77-4F21-40B9-9963-896C41E64B67}
		{C28365C5-6F64-4468-8FFC-93121553C2EA} = {C28365C5-6F64-4468-8FFC-93121553C2EA}
		{68C093F1-5FA2-4DA9-8A84-50782FAAF022} = {68C093F1-5FA2-4DA9-8A84-50782FAAF022}
	EndProjectSection
EndProject
Project("{9A19103F-16F7-4668-BE54-9A1E7A4F7556}") = "Daml.Ledger.Api.Data", "src\Daml.Ledger.Api.Data\Daml.Ledger.Api.Data.csproj", "{C3FA1505-EF77-4192-AFE1-C93AD7EC3C30}"
	ProjectSection(ProjectDependencies) = postProject
		{F33AA8C5-B9B8-4FBE-A38C-AE204A130BF1} = {F33AA8C5-B9B8-4FBE-A38C-AE204A130BF1}
	EndProjectSection
EndProject
Project("{9A19103F-16F7-4668-BE54-9A1E7A4F7556}") = "Daml.Ledger.Api.Data.Test", "src\Daml.Ledger.Api.Data.Test\Daml.Ledger.Api.Data.Test.csproj", "{5279BDAB-EC1C-4A6A-A0E9-9431B890CB51}"
	ProjectSection(ProjectDependencies) = postProject
		{C3FA1505-EF77-4192-AFE1-C93AD7EC3C30} = {C3FA1505-EF77-4192-AFE1-C93AD7EC3C30}
	EndProjectSection
EndProject
Project("{9A19103F-16F7-4668-BE54-9A1E7A4F7556}") = "Daml.Ledger.Client.Reactive.Test", "src\Daml.Ledger.Client.Reactive.Test\Daml.Ledger.Client.Reactive.Test.csproj", "{FA9DEA91-F0A7-4A68-B4A3-730F6CC5BDF6}"
	ProjectSection(ProjectDependencies) = postProject
		{C28365C5-6F64-4468-8FFC-93121553C2EA} = {C28365C5-6F64-4468-8FFC-93121553C2EA}
	EndProjectSection
EndProject
Project("{9A19103F-16F7-4668-BE54-9A1E7A4F7556}") = "Daml.Ledger.Automation.Test", "src\Daml.Ledger.Automation.Test\Daml.Ledger.Automation.Test.csproj", "{90F49A04-BA51-40A9-92C4-80F5F7BD5AA9}"
	ProjectSection(ProjectDependencies) = postProject
		{50C8736B-B297-49C1-8F15-ADBEC7C960C3} = {50C8736B-B297-49C1-8F15-ADBEC7C960C3}
	EndProjectSection
EndProject
Project("{9A19103F-16F7-4668-BE54-9A1E7A4F7556}") = "Daml.Ledger.Client.Test", "src\Daml.Ledger.Client.Test\Daml.Ledger.Client.Test.csproj", "{71F8ADAE-571A-4AF5-8830-F8C9EBE091DE}"
	ProjectSection(ProjectDependencies) = postProject
		{658CEB77-4F21-40B9-9963-896C41E64B67} = {658CEB77-4F21-40B9-9963-896C41E64B67}
	EndProjectSection
EndProject
Global
	GlobalSection(SolutionConfigurationPlatforms) = preSolution
		Debug|Any CPU = Debug|Any CPU
		Debug|x86 = Debug|x86
		Release|Any CPU = Release|Any CPU
		Release|x86 = Release|x86
		ReleaseNuget|Any CPU = ReleaseNuget|Any CPU
		ReleaseNuget|x86 = ReleaseNuget|x86
	EndGlobalSection
	GlobalSection(ProjectConfigurationPlatforms) = postSolution
		{F33AA8C5-B9B8-4FBE-A38C-AE204A130BF1}.Debug|Any CPU.ActiveCfg = Debug|Any CPU
		{F33AA8C5-B9B8-4FBE-A38C-AE204A130BF1}.Debug|Any CPU.Build.0 = Debug|Any CPU
		{F33AA8C5-B9B8-4FBE-A38C-AE204A130BF1}.Debug|x86.ActiveCfg = Debug|Any CPU
		{F33AA8C5-B9B8-4FBE-A38C-AE204A130BF1}.Debug|x86.Build.0 = Debug|Any CPU
		{F33AA8C5-B9B8-4FBE-A38C-AE204A130BF1}.Release|Any CPU.ActiveCfg = Release|Any CPU
		{F33AA8C5-B9B8-4FBE-A38C-AE204A130BF1}.Release|Any CPU.Build.0 = Release|Any CPU
		{F33AA8C5-B9B8-4FBE-A38C-AE204A130BF1}.Release|x86.ActiveCfg = Release|Any CPU
		{F33AA8C5-B9B8-4FBE-A38C-AE204A130BF1}.Release|x86.Build.0 = Release|Any CPU
		{F33AA8C5-B9B8-4FBE-A38C-AE204A130BF1}.ReleaseNuget|Any CPU.ActiveCfg = Release|Any CPU
		{F33AA8C5-B9B8-4FBE-A38C-AE204A130BF1}.ReleaseNuget|Any CPU.Build.0 = Release|Any CPU
		{F33AA8C5-B9B8-4FBE-A38C-AE204A130BF1}.ReleaseNuget|x86.ActiveCfg = Release|Any CPU
		{F33AA8C5-B9B8-4FBE-A38C-AE204A130BF1}.ReleaseNuget|x86.Build.0 = Release|Any CPU
		{68C093F1-5FA2-4DA9-8A84-50782FAAF022}.Debug|Any CPU.ActiveCfg = Debug|Any CPU
		{68C093F1-5FA2-4DA9-8A84-50782FAAF022}.Debug|Any CPU.Build.0 = Debug|Any CPU
		{68C093F1-5FA2-4DA9-8A84-50782FAAF022}.Debug|x86.ActiveCfg = Debug|Any CPU
		{68C093F1-5FA2-4DA9-8A84-50782FAAF022}.Debug|x86.Build.0 = Debug|Any CPU
		{68C093F1-5FA2-4DA9-8A84-50782FAAF022}.Release|Any CPU.ActiveCfg = Release|Any CPU
		{68C093F1-5FA2-4DA9-8A84-50782FAAF022}.Release|Any CPU.Build.0 = Release|Any CPU
		{68C093F1-5FA2-4DA9-8A84-50782FAAF022}.Release|x86.ActiveCfg = Release|Any CPU
		{68C093F1-5FA2-4DA9-8A84-50782FAAF022}.Release|x86.Build.0 = Release|Any CPU
		{68C093F1-5FA2-4DA9-8A84-50782FAAF022}.ReleaseNuget|Any CPU.ActiveCfg = Release|Any CPU
		{68C093F1-5FA2-4DA9-8A84-50782FAAF022}.ReleaseNuget|Any CPU.Build.0 = Release|Any CPU
		{68C093F1-5FA2-4DA9-8A84-50782FAAF022}.ReleaseNuget|x86.ActiveCfg = Release|Any CPU
		{68C093F1-5FA2-4DA9-8A84-50782FAAF022}.ReleaseNuget|x86.Build.0 = Release|Any CPU
		{658CEB77-4F21-40B9-9963-896C41E64B67}.Debug|Any CPU.ActiveCfg = Debug|Any CPU
		{658CEB77-4F21-40B9-9963-896C41E64B67}.Debug|Any CPU.Build.0 = Debug|Any CPU
		{658CEB77-4F21-40B9-9963-896C41E64B67}.Debug|x86.ActiveCfg = Debug|Any CPU
		{658CEB77-4F21-40B9-9963-896C41E64B67}.Debug|x86.Build.0 = Debug|Any CPU
		{658CEB77-4F21-40B9-9963-896C41E64B67}.Release|Any CPU.ActiveCfg = Release|Any CPU
		{658CEB77-4F21-40B9-9963-896C41E64B67}.Release|Any CPU.Build.0 = Release|Any CPU
		{658CEB77-4F21-40B9-9963-896C41E64B67}.Release|x86.ActiveCfg = Release|Any CPU
		{658CEB77-4F21-40B9-9963-896C41E64B67}.Release|x86.Build.0 = Release|Any CPU
		{658CEB77-4F21-40B9-9963-896C41E64B67}.ReleaseNuget|Any CPU.ActiveCfg = Release|Any CPU
		{658CEB77-4F21-40B9-9963-896C41E64B67}.ReleaseNuget|Any CPU.Build.0 = Release|Any CPU
		{658CEB77-4F21-40B9-9963-896C41E64B67}.ReleaseNuget|x86.ActiveCfg = Release|Any CPU
		{658CEB77-4F21-40B9-9963-896C41E64B67}.ReleaseNuget|x86.Build.0 = Release|Any CPU
		{50C8736B-B297-49C1-8F15-ADBEC7C960C3}.Debug|Any CPU.ActiveCfg = Debug|Any CPU
		{50C8736B-B297-49C1-8F15-ADBEC7C960C3}.Debug|Any CPU.Build.0 = Debug|Any CPU
		{50C8736B-B297-49C1-8F15-ADBEC7C960C3}.Debug|x86.ActiveCfg = Debug|Any CPU
		{50C8736B-B297-49C1-8F15-ADBEC7C960C3}.Debug|x86.Build.0 = Debug|Any CPU
		{50C8736B-B297-49C1-8F15-ADBEC7C960C3}.Release|Any CPU.ActiveCfg = Release|Any CPU
		{50C8736B-B297-49C1-8F15-ADBEC7C960C3}.Release|Any CPU.Build.0 = Release|Any CPU
		{50C8736B-B297-49C1-8F15-ADBEC7C960C3}.Release|x86.ActiveCfg = Release|Any CPU
		{50C8736B-B297-49C1-8F15-ADBEC7C960C3}.Release|x86.Build.0 = Release|Any CPU
		{50C8736B-B297-49C1-8F15-ADBEC7C960C3}.ReleaseNuget|Any CPU.ActiveCfg = Release|Any CPU
		{50C8736B-B297-49C1-8F15-ADBEC7C960C3}.ReleaseNuget|Any CPU.Build.0 = Release|Any CPU
		{50C8736B-B297-49C1-8F15-ADBEC7C960C3}.ReleaseNuget|x86.ActiveCfg = Release|Any CPU
		{50C8736B-B297-49C1-8F15-ADBEC7C960C3}.ReleaseNuget|x86.Build.0 = Release|Any CPU
		{C28365C5-6F64-4468-8FFC-93121553C2EA}.Debug|Any CPU.ActiveCfg = Debug|Any CPU
		{C28365C5-6F64-4468-8FFC-93121553C2EA}.Debug|Any CPU.Build.0 = Debug|Any CPU
		{C28365C5-6F64-4468-8FFC-93121553C2EA}.Debug|x86.ActiveCfg = Debug|Any CPU
		{C28365C5-6F64-4468-8FFC-93121553C2EA}.Debug|x86.Build.0 = Debug|Any CPU
		{C28365C5-6F64-4468-8FFC-93121553C2EA}.Release|Any CPU.ActiveCfg = Release|Any CPU
		{C28365C5-6F64-4468-8FFC-93121553C2EA}.Release|Any CPU.Build.0 = Release|Any CPU
		{C28365C5-6F64-4468-8FFC-93121553C2EA}.Release|x86.ActiveCfg = Release|Any CPU
		{C28365C5-6F64-4468-8FFC-93121553C2EA}.Release|x86.Build.0 = Release|Any CPU
		{C28365C5-6F64-4468-8FFC-93121553C2EA}.ReleaseNuget|Any CPU.ActiveCfg = Release|Any CPU
		{C28365C5-6F64-4468-8FFC-93121553C2EA}.ReleaseNuget|Any CPU.Build.0 = Release|Any CPU
		{C28365C5-6F64-4468-8FFC-93121553C2EA}.ReleaseNuget|x86.ActiveCfg = Release|Any CPU
		{C28365C5-6F64-4468-8FFC-93121553C2EA}.ReleaseNuget|x86.Build.0 = Release|Any CPU
		{5906A42A-1688-4277-B03C-A54605C1D9D9}.Debug|Any CPU.ActiveCfg = Debug|Any CPU
		{5906A42A-1688-4277-B03C-A54605C1D9D9}.Debug|Any CPU.Build.0 = Debug|Any CPU
		{5906A42A-1688-4277-B03C-A54605C1D9D9}.Debug|x86.ActiveCfg = Debug|Any CPU
		{5906A42A-1688-4277-B03C-A54605C1D9D9}.Debug|x86.Build.0 = Debug|Any CPU
		{5906A42A-1688-4277-B03C-A54605C1D9D9}.Release|Any CPU.ActiveCfg = Release|Any CPU
		{5906A42A-1688-4277-B03C-A54605C1D9D9}.Release|Any CPU.Build.0 = Release|Any CPU
		{5906A42A-1688-4277-B03C-A54605C1D9D9}.Release|x86.ActiveCfg = Release|Any CPU
		{5906A42A-1688-4277-B03C-A54605C1D9D9}.Release|x86.Build.0 = Release|Any CPU
		{5906A42A-1688-4277-B03C-A54605C1D9D9}.ReleaseNuget|Any CPU.ActiveCfg = Release|Any CPU
		{5906A42A-1688-4277-B03C-A54605C1D9D9}.ReleaseNuget|Any CPU.Build.0 = Release|Any CPU
		{5906A42A-1688-4277-B03C-A54605C1D9D9}.ReleaseNuget|x86.ActiveCfg = Release|Any CPU
		{5906A42A-1688-4277-B03C-A54605C1D9D9}.ReleaseNuget|x86.Build.0 = Release|Any CPU
		{8D7F5468-46FB-4D71-924F-7F0B7108FF58}.Debug|Any CPU.ActiveCfg = Debug|Any CPU
		{8D7F5468-46FB-4D71-924F-7F0B7108FF58}.Debug|Any CPU.Build.0 = Debug|Any CPU
		{8D7F5468-46FB-4D71-924F-7F0B7108FF58}.Debug|x86.ActiveCfg = Debug|Any CPU
		{8D7F5468-46FB-4D71-924F-7F0B7108FF58}.Debug|x86.Build.0 = Debug|Any CPU
		{8D7F5468-46FB-4D71-924F-7F0B7108FF58}.Release|Any CPU.ActiveCfg = Release|Any CPU
		{8D7F5468-46FB-4D71-924F-7F0B7108FF58}.Release|Any CPU.Build.0 = Release|Any CPU
		{8D7F5468-46FB-4D71-924F-7F0B7108FF58}.Release|x86.ActiveCfg = Release|Any CPU
		{8D7F5468-46FB-4D71-924F-7F0B7108FF58}.Release|x86.Build.0 = Release|Any CPU
		{8D7F5468-46FB-4D71-924F-7F0B7108FF58}.ReleaseNuget|Any CPU.ActiveCfg = Release|Any CPU
		{8D7F5468-46FB-4D71-924F-7F0B7108FF58}.ReleaseNuget|Any CPU.Build.0 = Release|Any CPU
		{8D7F5468-46FB-4D71-924F-7F0B7108FF58}.ReleaseNuget|x86.ActiveCfg = Release|Any CPU
		{8D7F5468-46FB-4D71-924F-7F0B7108FF58}.ReleaseNuget|x86.Build.0 = Release|Any CPU
		{C3FA1505-EF77-4192-AFE1-C93AD7EC3C30}.Debug|Any CPU.ActiveCfg = Debug|Any CPU
		{C3FA1505-EF77-4192-AFE1-C93AD7EC3C30}.Debug|Any CPU.Build.0 = Debug|Any CPU
		{C3FA1505-EF77-4192-AFE1-C93AD7EC3C30}.Debug|x86.ActiveCfg = Debug|Any CPU
		{C3FA1505-EF77-4192-AFE1-C93AD7EC3C30}.Debug|x86.Build.0 = Debug|Any CPU
		{C3FA1505-EF77-4192-AFE1-C93AD7EC3C30}.Release|Any CPU.ActiveCfg = Release|Any CPU
		{C3FA1505-EF77-4192-AFE1-C93AD7EC3C30}.Release|Any CPU.Build.0 = Release|Any CPU
		{C3FA1505-EF77-4192-AFE1-C93AD7EC3C30}.Release|x86.ActiveCfg = Release|Any CPU
		{C3FA1505-EF77-4192-AFE1-C93AD7EC3C30}.Release|x86.Build.0 = Release|Any CPU
		{C3FA1505-EF77-4192-AFE1-C93AD7EC3C30}.ReleaseNuget|Any CPU.ActiveCfg = Release|Any CPU
		{C3FA1505-EF77-4192-AFE1-C93AD7EC3C30}.ReleaseNuget|Any CPU.Build.0 = Release|Any CPU
		{C3FA1505-EF77-4192-AFE1-C93AD7EC3C30}.ReleaseNuget|x86.ActiveCfg = Release|Any CPU
		{C3FA1505-EF77-4192-AFE1-C93AD7EC3C30}.ReleaseNuget|x86.Build.0 = Release|Any CPU
		{5279BDAB-EC1C-4A6A-A0E9-9431B890CB51}.Debug|Any CPU.ActiveCfg = Debug|Any CPU
		{5279BDAB-EC1C-4A6A-A0E9-9431B890CB51}.Debug|Any CPU.Build.0 = Debug|Any CPU
		{5279BDAB-EC1C-4A6A-A0E9-9431B890CB51}.Debug|x86.ActiveCfg = Debug|Any CPU
		{5279BDAB-EC1C-4A6A-A0E9-9431B890CB51}.Debug|x86.Build.0 = Debug|Any CPU
		{5279BDAB-EC1C-4A6A-A0E9-9431B890CB51}.Release|Any CPU.ActiveCfg = Release|Any CPU
		{5279BDAB-EC1C-4A6A-A0E9-9431B890CB51}.Release|Any CPU.Build.0 = Release|Any CPU
		{5279BDAB-EC1C-4A6A-A0E9-9431B890CB51}.Release|x86.ActiveCfg = Release|Any CPU
		{5279BDAB-EC1C-4A6A-A0E9-9431B890CB51}.Release|x86.Build.0 = Release|Any CPU
		{5279BDAB-EC1C-4A6A-A0E9-9431B890CB51}.ReleaseNuget|Any CPU.ActiveCfg = Release|Any CPU
		{5279BDAB-EC1C-4A6A-A0E9-9431B890CB51}.ReleaseNuget|Any CPU.Build.0 = Release|Any CPU
		{5279BDAB-EC1C-4A6A-A0E9-9431B890CB51}.ReleaseNuget|x86.ActiveCfg = Release|Any CPU
		{5279BDAB-EC1C-4A6A-A0E9-9431B890CB51}.ReleaseNuget|x86.Build.0 = Release|Any CPU
		{FA9DEA91-F0A7-4A68-B4A3-730F6CC5BDF6}.Debug|Any CPU.ActiveCfg = Debug|Any CPU
		{FA9DEA91-F0A7-4A68-B4A3-730F6CC5BDF6}.Debug|Any CPU.Build.0 = Debug|Any CPU
		{FA9DEA91-F0A7-4A68-B4A3-730F6CC5BDF6}.Debug|x86.ActiveCfg = Debug|Any CPU
		{FA9DEA91-F0A7-4A68-B4A3-730F6CC5BDF6}.Debug|x86.Build.0 = Debug|Any CPU
		{FA9DEA91-F0A7-4A68-B4A3-730F6CC5BDF6}.Release|Any CPU.ActiveCfg = Release|Any CPU
		{FA9DEA91-F0A7-4A68-B4A3-730F6CC5BDF6}.Release|Any CPU.Build.0 = Release|Any CPU
		{FA9DEA91-F0A7-4A68-B4A3-730F6CC5BDF6}.Release|x86.ActiveCfg = Release|Any CPU
		{FA9DEA91-F0A7-4A68-B4A3-730F6CC5BDF6}.Release|x86.Build.0 = Release|Any CPU
		{FA9DEA91-F0A7-4A68-B4A3-730F6CC5BDF6}.ReleaseNuget|Any CPU.ActiveCfg = Release|Any CPU
		{FA9DEA91-F0A7-4A68-B4A3-730F6CC5BDF6}.ReleaseNuget|Any CPU.Build.0 = Release|Any CPU
		{FA9DEA91-F0A7-4A68-B4A3-730F6CC5BDF6}.ReleaseNuget|x86.ActiveCfg = Release|Any CPU
		{FA9DEA91-F0A7-4A68-B4A3-730F6CC5BDF6}.ReleaseNuget|x86.Build.0 = Release|Any CPU
		{90F49A04-BA51-40A9-92C4-80F5F7BD5AA9}.Debug|Any CPU.ActiveCfg = Debug|Any CPU
		{90F49A04-BA51-40A9-92C4-80F5F7BD5AA9}.Debug|Any CPU.Build.0 = Debug|Any CPU
		{90F49A04-BA51-40A9-92C4-80F5F7BD5AA9}.Debug|x86.ActiveCfg = Debug|Any CPU
		{90F49A04-BA51-40A9-92C4-80F5F7BD5AA9}.Debug|x86.Build.0 = Debug|Any CPU
		{90F49A04-BA51-40A9-92C4-80F5F7BD5AA9}.Release|Any CPU.ActiveCfg = Release|Any CPU
		{90F49A04-BA51-40A9-92C4-80F5F7BD5AA9}.Release|Any CPU.Build.0 = Release|Any CPU
		{90F49A04-BA51-40A9-92C4-80F5F7BD5AA9}.Release|x86.ActiveCfg = Release|Any CPU
		{90F49A04-BA51-40A9-92C4-80F5F7BD5AA9}.Release|x86.Build.0 = Release|Any CPU
		{90F49A04-BA51-40A9-92C4-80F5F7BD5AA9}.ReleaseNuget|Any CPU.ActiveCfg = Release|Any CPU
		{90F49A04-BA51-40A9-92C4-80F5F7BD5AA9}.ReleaseNuget|Any CPU.Build.0 = Release|Any CPU
		{90F49A04-BA51-40A9-92C4-80F5F7BD5AA9}.ReleaseNuget|x86.ActiveCfg = Release|Any CPU
		{90F49A04-BA51-40A9-92C4-80F5F7BD5AA9}.ReleaseNuget|x86.Build.0 = Release|Any CPU
		{71F8ADAE-571A-4AF5-8830-F8C9EBE091DE}.Debug|Any CPU.ActiveCfg = Debug|Any CPU
		{71F8ADAE-571A-4AF5-8830-F8C9EBE091DE}.Debug|Any CPU.Build.0 = Debug|Any CPU
		{71F8ADAE-571A-4AF5-8830-F8C9EBE091DE}.Debug|x86.ActiveCfg = Debug|Any CPU
		{71F8ADAE-571A-4AF5-8830-F8C9EBE091DE}.Debug|x86.Build.0 = Debug|Any CPU
		{71F8ADAE-571A-4AF5-8830-F8C9EBE091DE}.Release|Any CPU.ActiveCfg = Release|Any CPU
		{71F8ADAE-571A-4AF5-8830-F8C9EBE091DE}.Release|Any CPU.Build.0 = Release|Any CPU
		{71F8ADAE-571A-4AF5-8830-F8C9EBE091DE}.Release|x86.ActiveCfg = Release|Any CPU
		{71F8ADAE-571A-4AF5-8830-F8C9EBE091DE}.Release|x86.Build.0 = Release|Any CPU
		{71F8ADAE-571A-4AF5-8830-F8C9EBE091DE}.ReleaseNuget|Any CPU.ActiveCfg = Release|Any CPU
		{71F8ADAE-571A-4AF5-8830-F8C9EBE091DE}.ReleaseNuget|Any CPU.Build.0 = Release|Any CPU
		{71F8ADAE-571A-4AF5-8830-F8C9EBE091DE}.ReleaseNuget|x86.ActiveCfg = Release|Any CPU
		{71F8ADAE-571A-4AF5-8830-F8C9EBE091DE}.ReleaseNuget|x86.Build.0 = Release|Any CPU
	EndGlobalSection
	GlobalSection(SolutionProperties) = preSolution
		HideSolutionNode = FALSE
	EndGlobalSection
	GlobalSection(ExtensibilityGlobals) = postSolution
		SolutionGuid = {5D9ABEBE-7B7C-4DFF-831E-88D75C4EB973}
	EndGlobalSection
EndGlobal
